
Microsoft Visual Studio Solution File, Format Version 12.00
# Visual Studio Version 17
VisualStudioVersion = 17.1.32319.34
MinimumVisualStudioVersion = 10.0.40219.1
Project("{FAE04EC0-301F-11D3-BF4B-00C04F79EFBC}") = "ExamP1.UWP", "ExamP1\ExamP1.UWP\ExamP1.UWP.csproj", "{E725BEF7-246F-4735-B378-97D310844386}"
EndProject
Project("{FAE04EC0-301F-11D3-BF4B-00C04F79EFBC}") = "ExamP1.Android", "ExamP1\ExamP1.Android\ExamP1.Android.csproj", "{5750F7C7-FA4F-479C-A68D-4E54FBB2CFF2}"
EndProject
Project("{FAE04EC0-301F-11D3-BF4B-00C04F79EFBC}") = "ExamP1.iOS", "ExamP1\ExamP1.iOS\ExamP1.iOS.csproj", "{2669DE8B-0BD8-42B8-974A-F01CDBB2D9AB}"
EndProject
Project("{FAE04EC0-301F-11D3-BF4B-00C04F79EFBC}") = "ExamP1", "ExamP1\ExamP1\ExamP1.csproj", "{48EACD2C-EC72-4C16-B3B2-A50F5724AEF7}"
EndProject
Global
	GlobalSection(SolutionConfigurationPlatforms) = preSolution
		Debug|Any CPU = Debug|Any CPU
		Debug|ARM = Debug|ARM
		Debug|iPhone = Debug|iPhone
		Debug|iPhoneSimulator = Debug|iPhoneSimulator
		Debug|x64 = Debug|x64
		Debug|x86 = Debug|x86
		Release|Any CPU = Release|Any CPU
		Release|ARM = Release|ARM
		Release|iPhone = Release|iPhone
		Release|iPhoneSimulator = Release|iPhoneSimulator
		Release|x64 = Release|x64
		Release|x86 = Release|x86
	EndGlobalSection
	GlobalSection(ProjectConfigurationPlatforms) = postSolution
		{E725BEF7-246F-4735-B378-97D310844386}.Debug|Any CPU.ActiveCfg = Debug|x64
		{E725BEF7-246F-4735-B378-97D310844386}.Debug|Any CPU.Build.0 = Debug|x64
		{E725BEF7-246F-4735-B378-97D310844386}.Debug|Any CPU.Deploy.0 = Debug|x64
		{E725BEF7-246F-4735-B378-97D310844386}.Debug|ARM.ActiveCfg = Debug|ARM
		{E725BEF7-246F-4735-B378-97D310844386}.Debug|ARM.Build.0 = Debug|ARM
		{E725BEF7-246F-4735-B378-97D310844386}.Debug|ARM.Deploy.0 = Debug|ARM
		{E725BEF7-246F-4735-B378-97D310844386}.Debug|iPhone.ActiveCfg = Debug|x64
		{E725BEF7-246F-4735-B378-97D310844386}.Debug|iPhone.Build.0 = Debug|x64
		{E725BEF7-246F-4735-B378-97D310844386}.Debug|iPhone.Deploy.0 = Debug|x64
		{E725BEF7-246F-4735-B378-97D310844386}.Debug|iPhoneSimulator.ActiveCfg = Debug|x64
		{E725BEF7-246F-4735-B378-97D310844386}.Debug|iPhoneSimulator.Build.0 = Debug|x64
		{E725BEF7-246F-4735-B378-97D310844386}.Debug|iPhoneSimulator.Deploy.0 = Debug|x64
		{E725BEF7-246F-4735-B378-97D310844386}.Debug|x64.ActiveCfg = Debug|x64
		{E725BEF7-246F-4735-B378-97D310844386}.Debug|x64.Build.0 = Debug|x64
		{E725BEF7-246F-4735-B378-97D310844386}.Debug|x64.Deploy.0 = Debug|x64
		{E725BEF7-246F-4735-B378-97D310844386}.Debug|x86.ActiveCfg = Debug|x86
		{E725BEF7-246F-4735-B378-97D310844386}.Debug|x86.Build.0 = Debug|x86
		{E725BEF7-246F-4735-B378-97D310844386}.Debug|x86.Deploy.0 = Debug|x86
		{E725BEF7-246F-4735-B378-97D310844386}.Release|Any CPU.ActiveCfg = Release|x64
		{E725BEF7-246F-4735-B378-97D310844386}.Release|Any CPU.Build.0 = Release|x64
		{E725BEF7-246F-4735-B378-97D310844386}.Release|Any CPU.Deploy.0 = Release|x64
		{E725BEF7-246F-4735-B378-97D310844386}.Release|ARM.ActiveCfg = Release|ARM
		{E725BEF7-246F-4735-B378-97D310844386}.Release|ARM.Build.0 = Release|ARM
		{E725BEF7-246F-4735-B378-97D310844386}.Release|ARM.Deploy.0 = Release|ARM
		{E725BEF7-246F-4735-B378-97D310844386}.Release|iPhone.ActiveCfg = Release|x64
		{E725BEF7-246F-4735-B378-97D310844386}.Release|iPhone.Build.0 = Release|x64
		{E725BEF7-246F-4735-B378-97D310844386}.Release|iPhone.Deploy.0 = Release|x64
		{E725BEF7-246F-4735-B378-97D310844386}.Release|iPhoneSimulator.ActiveCfg = Release|x64
		{E725BEF7-246F-4735-B378-97D310844386}.Release|iPhoneSimulator.Build.0 = Release|x64
		{E725BEF7-246F-4735-B378-97D310844386}.Release|iPhoneSimulator.Deploy.0 = Release|x64
		{E725BEF7-246F-4735-B378-97D310844386}.Release|x64.ActiveCfg = Release|x64
		{E725BEF7-246F-4735-B378-97D310844386}.Release|x64.Build.0 = Release|x64
		{E725BEF7-246F-4735-B378-97D310844386}.Release|x64.Deploy.0 = Release|x64
		{E725BEF7-246F-4735-B378-97D310844386}.Release|x86.ActiveCfg = Release|x86
		{E725BEF7-246F-4735-B378-97D310844386}.Release|x86.Build.0 = Release|x86
		{E725BEF7-246F-4735-B378-97D310844386}.Release|x86.Deploy.0 = Release|x86
		{5750F7C7-FA4F-479C-A68D-4E54FBB2CFF2}.Debug|Any CPU.ActiveCfg = Debug|Any CPU
		{5750F7C7-FA4F-479C-A68D-4E54FBB2CFF2}.Debug|Any CPU.Build.0 = Debug|Any CPU
		{5750F7C7-FA4F-479C-A68D-4E54FBB2CFF2}.Debug|Any CPU.Deploy.0 = Debug|Any CPU
		{5750F7C7-FA4F-479C-A68D-4E54FBB2CFF2}.Debug|ARM.ActiveCfg = Debug|Any CPU
		{5750F7C7-FA4F-479C-A68D-4E54FBB2CFF2}.Debug|ARM.Build.0 = Debug|Any CPU
		{5750F7C7-FA4F-479C-A68D-4E54FBB2CFF2}.Debug|ARM.Deploy.0 = Debug|Any CPU
		{5750F7C7-FA4F-479C-A68D-4E54FBB2CFF2}.Debug|iPhone.ActiveCfg = Debug|Any CPU
		{5750F7C7-FA4F-479C-A68D-4E54FBB2CFF2}.Debug|iPhone.Build.0 = Debug|Any CPU
		{5750F7C7-FA4F-479C-A68D-4E54FBB2CFF2}.Debug|iPhone.Deploy.0 = Debug|Any CPU
		{5750F7C7-FA4F-479C-A68D-4E54FBB2CFF2}.Debug|iPhoneSimulator.ActiveCfg = Debug|Any CPU
		{5750F7C7-FA4F-479C-A68D-4E54FBB2CFF2}.Debug|iPhoneSimulator.Build.0 = Debug|Any CPU
		{5750F7C7-FA4F-479C-A68D-4E54FBB2CFF2}.Debug|iPhoneSimulator.Deploy.0 = Debug|Any CPU
		{5750F7C7-FA4F-479C-A68D-4E54FBB2CFF2}.Debug|x64.ActiveCfg = Debug|Any CPU
		{5750F7C7-FA4F-479C-A68D-4E54FBB2CFF2}.Debug|x64.Build.0 = Debug|Any CPU
		{5750F7C7-FA4F-479C-A68D-4E54FBB2CFF2}.Debug|x64.Deploy.0 = Debug|Any CPU
		{5750F7C7-FA4F-479C-A68D-4E54FBB2CFF2}.Debug|x86.ActiveCfg = Debug|Any CPU
		{5750F7C7-FA4F-479C-A68D-4E54FBB2CFF2}.Debug|x86.Build.0 = Debug|Any CPU
		{5750F7C7-FA4F-479C-A68D-4E54FBB2CFF2}.Debug|x86.Deploy.0 = Debug|Any CPU
		{5750F7C7-FA4F-479C-A68D-4E54FBB2CFF2}.Release|Any CPU.ActiveCfg = Release|Any CPU
		{5750F7C7-FA4F-479C-A68D-4E54FBB2CFF2}.Release|Any CPU.Build.0 = Release|Any CPU
		{5750F7C7-FA4F-479C-A68D-4E54FBB2CFF2}.Release|Any CPU.Deploy.0 = Release|Any CPU
		{5750F7C7-FA4F-479C-A68D-4E54FBB2CFF2}.Release|ARM.ActiveCfg = Release|Any CPU
		{5750F7C7-FA4F-479C-A68D-4E54FBB2CFF2}.Release|ARM.Build.0 = Release|Any CPU
		{5750F7C7-FA4F-479C-A68D-4E54FBB2CFF2}.Release|ARM.Deploy.0 = Release|Any CPU
		{5750F7C7-FA4F-479C-A68D-4E54FBB2CFF2}.Release|iPhone.ActiveCfg = Release|Any CPU
		{5750F7C7-FA4F-479C-A68D-4E54FBB2CFF2}.Release|iPhone.Build.0 = Release|Any CPU
		{5750F7C7-FA4F-479C-A68D-4E54FBB2CFF2}.Release|iPhone.Deploy.0 = Release|Any CPU
		{5750F7C7-FA4F-479C-A68D-4E54FBB2CFF2}.Release|iPhoneSimulator.ActiveCfg = Release|Any CPU
		{5750F7C7-FA4F-479C-A68D-4E54FBB2CFF2}.Release|iPhoneSimulator.Build.0 = Release|Any CPU
		{5750F7C7-FA4F-479C-A68D-4E54FBB2CFF2}.Release|iPhoneSimulator.Deploy.0 = Release|Any CPU
		{5750F7C7-FA4F-479C-A68D-4E54FBB2CFF2}.Release|x64.ActiveCfg = Release|Any CPU
		{5750F7C7-FA4F-479C-A68D-4E54FBB2CFF2}.Release|x64.Build.0 = Release|Any CPU
		{5750F7C7-FA4F-479C-A68D-4E54FBB2CFF2}.Release|x64.Deploy.0 = Release|Any CPU
		{5750F7C7-FA4F-479C-A68D-4E54FBB2CFF2}.Release|x86.ActiveCfg = Release|Any CPU
		{5750F7C7-FA4F-479C-A68D-4E54FBB2CFF2}.Release|x86.Build.0 = Release|Any CPU
		{5750F7C7-FA4F-479C-A68D-4E54FBB2CFF2}.Release|x86.Deploy.0 = Release|Any CPU
		{2669DE8B-0BD8-42B8-974A-F01CDBB2D9AB}.Debug|Any CPU.ActiveCfg = Debug|iPhoneSimulator
		{2669DE8B-0BD8-42B8-974A-F01CDBB2D9AB}.Debug|Any CPU.Build.0 = Debug|iPhoneSimulator
		{2669DE8B-0BD8-42B8-974A-F01CDBB2D9AB}.Debug|Any CPU.Deploy.0 = Debug|iPhoneSimulator
		{2669DE8B-0BD8-42B8-974A-F01CDBB2D9AB}.Debug|ARM.ActiveCfg = Debug|iPhoneSimulator
		{2669DE8B-0BD8-42B8-974A-F01CDBB2D9AB}.Debug|ARM.Build.0 = Debug|iPhoneSimulator
		{2669DE8B-0BD8-42B8-974A-F01CDBB2D9AB}.Debug|ARM.Deploy.0 = Debug|iPhoneSimulator
		{2669DE8B-0BD8-42B8-974A-F01CDBB2D9AB}.Debug|iPhone.ActiveCfg = Debug|iPhone
		{2669DE8B-0BD8-42B8-974A-F01CDBB2D9AB}.Debug|iPhone.Build.0 = Debug|iPhone
		{2669DE8B-0BD8-42B8-974A-F01CDBB2D9AB}.Debug|iPhone.Deploy.0 = Debug|iPhone
		{2669DE8B-0BD8-42B8-974A-F01CDBB2D9AB}.Debug|iPhoneSimulator.ActiveCfg = Debug|iPhoneSimulator
		{2669DE8B-0BD8-42B8-974A-F01CDBB2D9AB}.Debug|iPhoneSimulator.Build.0 = Debug|iPhoneSimulator
		{2669DE8B-0BD8-42B8-974A-F01CDBB2D9AB}.Debug|iPhoneSimulator.Deploy.0 = Debug|iPhoneSimulator
		{2669DE8B-0BD8-42B8-974A-F01CDBB2D9AB}.Debug|x64.ActiveCfg = Debug|iPhone
		{2669DE8B-0BD8-42B8-974A-F01CDBB2D9AB}.Debug|x64.Build.0 = Debug|iPhone
		{2669DE8B-0BD8-42B8-974A-F01CDBB2D9AB}.Debug|x64.Deploy.0 = Debug|iPhone
		{2669DE8B-0BD8-42B8-974A-F01CDBB2D9AB}.Debug|x86.ActiveCfg = Debug|iPhoneSimulator
		{2669DE8B-0BD8-42B8-974A-F01CDBB2D9AB}.Debug|x86.Build.0 = Debug|iPhoneSimulator
		{2669DE8B-0BD8-42B8-974A-F01CDBB2D9AB}.Debug|x86.Deploy.0 = Debug|iPhoneSimulator
		{2669DE8B-0BD8-42B8-974A-F01CDBB2D9AB}.Release|Any CPU.ActiveCfg = Release|iPhoneSimulator
		{2669DE8B-0BD8-42B8-974A-F01CDBB2D9AB}.Release|Any CPU.Build.0 = Release|iPhoneSimulator
		{2669DE8B-0BD8-42B8-974A-F01CDBB2D9AB}.Release|Any CPU.Deploy.0 = Release|iPhoneSimulator
		{2669DE8B-0BD8-42B8-974A-F01CDBB2D9AB}.Release|ARM.ActiveCfg = Release|iPhoneSimulator
		{2669DE8B-0BD8-42B8-974A-F01CDBB2D9AB}.Release|ARM.Build.0 = Release|iPhoneSimulator
		{2669DE8B-0BD8-42B8-974A-F01CDBB2D9AB}.Release|ARM.Deploy.0 = Release|iPhoneSimulator
		{2669DE8B-0BD8-42B8-974A-F01CDBB2D9AB}.Release|iPhone.ActiveCfg = Release|iPhone
		{2669DE8B-0BD8-42B8-974A-F01CDBB2D9AB}.Release|iPhone.Build.0 = Release|iPhone
		{2669DE8B-0BD8-42B8-974A-F01CDBB2D9AB}.Release|iPhone.Deploy.0 = Release|iPhone
		{2669DE8B-0BD8-42B8-974A-F01CDBB2D9AB}.Release|iPhoneSimulator.ActiveCfg = Release|iPhoneSimulator
		{2669DE8B-0BD8-42B8-974A-F01CDBB2D9AB}.Release|iPhoneSimulator.Build.0 = Release|iPhoneSimulator
		{2669DE8B-0BD8-42B8-974A-F01CDBB2D9AB}.Release|iPhoneSimulator.Deploy.0 = Release|iPhoneSimulator
		{2669DE8B-0BD8-42B8-974A-F01CDBB2D9AB}.Release|x64.ActiveCfg = Release|iPhoneSimulator
		{2669DE8B-0BD8-42B8-974A-F01CDBB2D9AB}.Release|x64.Build.0 = Release|iPhoneSimulator
		{2669DE8B-0BD8-42B8-974A-F01CDBB2D9AB}.Release|x64.Deploy.0 = Release|iPhoneSimulator
		{2669DE8B-0BD8-42B8-974A-F01CDBB2D9AB}.Release|x86.ActiveCfg = Release|iPhoneSimulator
		{2669DE8B-0BD8-42B8-974A-F01CDBB2D9AB}.Release|x86.Build.0 = Release|iPhoneSimulator
		{2669DE8B-0BD8-42B8-974A-F01CDBB2D9AB}.Release|x86.Deploy.0 = Release|iPhoneSimulator
		{48EACD2C-EC72-4C16-B3B2-A50F5724AEF7}.Debug|Any CPU.ActiveCfg = Debug|Any CPU
		{48EACD2C-EC72-4C16-B3B2-A50F5724AEF7}.Debug|Any CPU.Build.0 = Debug|Any CPU
		{48EACD2C-EC72-4C16-B3B2-A50F5724AEF7}.Debug|Any CPU.Deploy.0 = Debug|Any CPU
		{48EACD2C-EC72-4C16-B3B2-A50F5724AEF7}.Debug|ARM.ActiveCfg = Debug|Any CPU
		{48EACD2C-EC72-4C16-B3B2-A50F5724AEF7}.Debug|ARM.Build.0 = Debug|Any CPU
		{48EACD2C-EC72-4C16-B3B2-A50F5724AEF7}.Debug|ARM.Deploy.0 = Debug|Any CPU
		{48EACD2C-EC72-4C16-B3B2-A50F5724AEF7}.Debug|iPhone.ActiveCfg = Debug|Any CPU
		{48EACD2C-EC72-4C16-B3B2-A50F5724AEF7}.Debug|iPhone.Build.0 = Debug|Any CPU
		{48EACD2C-EC72-4C16-B3B2-A50F5724AEF7}.Debug|iPhone.Deploy.0 = Debug|Any CPU
		{48EACD2C-EC72-4C16-B3B2-A50F5724AEF7}.Debug|iPhoneSimulator.ActiveCfg = Debug|Any CPU
		{48EACD2C-EC72-4C16-B3B2-A50F5724AEF7}.Debug|iPhoneSimulator.Build.0 = Debug|Any CPU
		{48EACD2C-EC72-4C16-B3B2-A50F5724AEF7}.Debug|iPhoneSimulator.Deploy.0 = Debug|Any CPU
		{48EACD2C-EC72-4C16-B3B2-A50F5724AEF7}.Debug|x64.ActiveCfg = Debug|Any CPU
		{48EACD2C-EC72-4C16-B3B2-A50F5724AEF7}.Debug|x64.Build.0 = Debug|Any CPU
		{48EACD2C-EC72-4C16-B3B2-A50F5724AEF7}.Debug|x64.Deploy.0 = Debug|Any CPU
		{48EACD2C-EC72-4C16-B3B2-A50F5724AEF7}.Debug|x86.ActiveCfg = Debug|Any CPU
		{48EACD2C-EC72-4C16-B3B2-A50F5724AEF7}.Debug|x86.Build.0 = Debug|Any CPU
		{48EACD2C-EC72-4C16-B3B2-A50F5724AEF7}.Debug|x86.Deploy.0 = Debug|Any CPU
		{48EACD2C-EC72-4C16-B3B2-A50F5724AEF7}.Release|Any CPU.ActiveCfg = Release|Any CPU
		{48EACD2C-EC72-4C16-B3B2-A50F5724AEF7}.Release|Any CPU.Build.0 = Release|Any CPU
		{48EACD2C-EC72-4C16-B3B2-A50F5724AEF7}.Release|Any CPU.Deploy.0 = Release|Any CPU
		{48EACD2C-EC72-4C16-B3B2-A50F5724AEF7}.Release|ARM.ActiveCfg = Release|Any CPU
		{48EACD2C-EC72-4C16-B3B2-A50F5724AEF7}.Release|ARM.Build.0 = Release|Any CPU
		{48EACD2C-EC72-4C16-B3B2-A50F5724AEF7}.Release|ARM.Deploy.0 = Release|Any CPU
		{48EACD2C-EC72-4C16-B3B2-A50F5724AEF7}.Release|iPhone.ActiveCfg = Release|Any CPU
		{48EACD2C-EC72-4C16-B3B2-A50F5724AEF7}.Release|iPhone.Build.0 = Release|Any CPU
		{48EACD2C-EC72-4C16-B3B2-A50F5724AEF7}.Release|iPhone.Deploy.0 = Release|Any CPU
		{48EACD2C-EC72-4C16-B3B2-A50F5724AEF7}.Release|iPhoneSimulator.ActiveCfg = Release|Any CPU
		{48EACD2C-EC72-4C16-B3B2-A50F5724AEF7}.Release|iPhoneSimulator.Build.0 = Release|Any CPU
		{48EACD2C-EC72-4C16-B3B2-A50F5724AEF7}.Release|iPhoneSimulator.Deploy.0 = Release|Any CPU
		{48EACD2C-EC72-4C16-B3B2-A50F5724AEF7}.Release|x64.ActiveCfg = Release|Any CPU
		{48EACD2C-EC72-4C16-B3B2-A50F5724AEF7}.Release|x64.Build.0 = Release|Any CPU
		{48EACD2C-EC72-4C16-B3B2-A50F5724AEF7}.Release|x64.Deploy.0 = Release|Any CPU
		{48EACD2C-EC72-4C16-B3B2-A50F5724AEF7}.Release|x86.ActiveCfg = Release|Any CPU
		{48EACD2C-EC72-4C16-B3B2-A50F5724AEF7}.Release|x86.Build.0 = Release|Any CPU
		{48EACD2C-EC72-4C16-B3B2-A50F5724AEF7}.Release|x86.Deploy.0 = Release|Any CPU
	EndGlobalSection
	GlobalSection(SolutionProperties) = preSolution
		HideSolutionNode = FALSE
	EndGlobalSection
	GlobalSection(ExtensibilityGlobals) = postSolution
		SolutionGuid = {C6C6F4B8-A679-47CA-9A23-C876A3E62AAF}
	EndGlobalSection
EndGlobal
